
Microsoft Visual Studio Solution File, Format Version 12.00
# Visual Studio Version 16
VisualStudioVersion = 16.0.29403.142
MinimumVisualStudioVersion = 10.0.40219.1
Project("{FAE04EC0-301F-11D3-BF4B-00C04F79EFBC}") = "WebApplication1", "WebApplication1\WebApplication1.csproj", "{72AA6C53-8F43-437A-A557-5409EDAB9A41}"
EndProject
Global
	GlobalSection(SolutionConfigurationPlatforms) = preSolution
		Debug|Any CPU = Debug|Any CPU
		Release|Any CPU = Release|Any CPU
	EndGlobalSection
	GlobalSection(ProjectConfigurationPlatforms) = postSolution
		{72AA6C53-8F43-437A-A557-5409EDAB9A41}.Debug|Any CPU.ActiveCfg = Debug|Any CPU
		{72AA6C53-8F43-437A-A557-5409EDAB9A41}.Debug|Any CPU.Build.0 = Debug|Any CPU
		{72AA6C53-8F43-437A-A557-5409EDAB9A41}.Release|Any CPU.ActiveCfg = Release|Any CPU
		{72AA6C53-8F43-437A-A557-5409EDAB9A41}.Release|Any CPU.Build.0 = Release|Any CPU
	EndGlobalSection
	GlobalSection(SolutionProperties) = preSolution
		HideSolutionNode = FALSE
	EndGlobalSection
	GlobalSection(ExtensibilityGlobals) = postSolution
		SolutionGuid = {2C13AA2A-63E3-4D9C-AD3A-9C60D99075FF}
	EndGlobalSection
EndGlobal
